// !$*UTF8*$!
{
	archiveVersion = 1;
	classes = {
	};
	objectVersion = 77;
	objects = {

/* Begin PBXBuildFile section */
		029FE391EF014D77799B78F9 /* AppTheme.swift in Sources */ = {isa = PBXBuildFile; fileRef = F7C899395F10D4EFD8298683 /* AppTheme.swift */; };
		143E185C332F0B8292163E07 /* AppConstants.swift in Sources */ = {isa = PBXBuildFile; fileRef = EBEB7D1DA3E9DBAB43A1A948 /* AppConstants.swift */; };
		1E8D9E7C48EE47D9BC72D24C /* View+Extensions.swift in Sources */ = {isa = PBXBuildFile; fileRef = 10B046D003038FE7086FC51C /* View+Extensions.swift */; };
		294AB023AF4DFADC2BD28EDD /* String+Extensions.swift in Sources */ = {isa = PBXBuildFile; fileRef = 0A0D74BE1F2982CFD3F68FB9 /* String+Extensions.swift */; };
		3BC0043D0117F3F12499098A /* StorageKeys.swift in Sources */ = {isa = PBXBuildFile; fileRef = 499B387FDB380FF17BE09672 /* StorageKeys.swift */; };
		4322A2B31E351BC253BCC88E /* Localizable.strings in Resources */ = {isa = PBXBuildFile; fileRef = 1AE07C0B8C23B4F9C5BF3B5D /* Localizable.strings */; };
		57C4F618906CD0A23A9ACEE5 /* MockAPIClient.swift in Sources */ = {isa = PBXBuildFile; fileRef = 53494423C2A30CF30143BF5E /* MockAPIClient.swift */; };
		58342DD35C5F4CDAE0159716 /* APIClient.swift in Sources */ = {isa = PBXBuildFile; fileRef = 77FC1C7EEA5C37B91089B80E /* APIClient.swift */; };
		71CAD0873A17C60C11F85E71 /* UserDefaultsManager.swift in Sources */ = {isa = PBXBuildFile; fileRef = 03D149EE5211E408DD580594 /* UserDefaultsManager.swift */; };
		729ECA4ED87BFEA13803FB4F /* Color+Extensions.swift in Sources */ = {isa = PBXBuildFile; fileRef = 39D63CE5F32AEB448DC1FCD2 /* Color+Extensions.swift */; };
		9024D3ABB5C70D91694F36DE /* KeychainManager.swift in Sources */ = {isa = PBXBuildFile; fileRef = 91A15D06A8108695F0D5C998 /* KeychainManager.swift */; };
		9F3ED83A6DA6C386F8F3CDFC /* AppColors.swift in Sources */ = {isa = PBXBuildFile; fileRef = A49E8E65C2ED0ABF6D4EA2E5 /* AppColors.swift */; };
		B0C7E6D1581A4E3278AA445E /* APIError.swift in Sources */ = {isa = PBXBuildFile; fileRef = FB57119B2FD673F4699BE5D2 /* APIError.swift */; };
		BDCE6FF7A95C7C32C6F68B81 /* Strings.swift in Sources */ = {isa = PBXBuildFile; fileRef = B1B9D4A002842D005B07F614 /* Strings.swift */; };
		C00D3E4DB2E9C6279888D81B /* APIEndpoint.swift in Sources */ = {isa = PBXBuildFile; fileRef = C7D458476E8F0E6F29450A49 /* APIEndpoint.swift */; };
		D10F492BFE73B9C11CF2C26D /* SwiftUIStarterKitApp.swift in Sources */ = {isa = PBXBuildFile; fileRef = 77808246718C0FB9B51A740E /* SwiftUIStarterKitApp.swift */; };
		FB2A150AE156FA50CAF10FF9 /* ThemeManager.swift in Sources */ = {isa = PBXBuildFile; fileRef = FEEB0F77D558C6B98CFAF16F /* ThemeManager.swift */; };
		FEE4F78A706BE96C94F21AC9 /* Assets.xcassets in Resources */ = {isa = PBXBuildFile; fileRef = D850E67922FA4D405DCE6DA3 /* Assets.xcassets */; };
/* End PBXBuildFile section */

/* Begin PBXFileReference section */
		03D149EE5211E408DD580594 /* UserDefaultsManager.swift */ = {isa = PBXFileReference; lastKnownFileType = sourcecode.swift; path = UserDefaultsManager.swift; sourceTree = "<group>"; };
		0A0D74BE1F2982CFD3F68FB9 /* String+Extensions.swift */ = {isa = PBXFileReference; lastKnownFileType = sourcecode.swift; path = "String+Extensions.swift"; sourceTree = "<group>"; };
		10B046D003038FE7086FC51C /* View+Extensions.swift */ = {isa = PBXFileReference; lastKnownFileType = sourcecode.swift; path = "View+Extensions.swift"; sourceTree = "<group>"; };
		39D63CE5F32AEB448DC1FCD2 /* Color+Extensions.swift */ = {isa = PBXFileReference; lastKnownFileType = sourcecode.swift; path = "Color+Extensions.swift"; sourceTree = "<group>"; };
		489576AD011484ADDF2B286B /* id */ = {isa = PBXFileReference; lastKnownFileType = text.plist.strings; name = id; path = id.lproj/Localizable.strings; sourceTree = "<group>"; };
		499B387FDB380FF17BE09672 /* StorageKeys.swift */ = {isa = PBXFileReference; lastKnownFileType = sourcecode.swift; path = StorageKeys.swift; sourceTree = "<group>"; };
		53494423C2A30CF30143BF5E /* MockAPIClient.swift */ = {isa = PBXFileReference; lastKnownFileType = sourcecode.swift; path = MockAPIClient.swift; sourceTree = "<group>"; };
		5B68D826A99614800B1BE0AE /* SwiftUIStarterKit.app */ = {isa = PBXFileReference; includeInIndex = 0; lastKnownFileType = wrapper.application; path = SwiftUIStarterKit.app; sourceTree = BUILT_PRODUCTS_DIR; };
		77808246718C0FB9B51A740E /* SwiftUIStarterKitApp.swift */ = {isa = PBXFileReference; lastKnownFileType = sourcecode.swift; path = SwiftUIStarterKitApp.swift; sourceTree = "<group>"; };
		77FC1C7EEA5C37B91089B80E /* APIClient.swift */ = {isa = PBXFileReference; lastKnownFileType = sourcecode.swift; path = APIClient.swift; sourceTree = "<group>"; };
		91A15D06A8108695F0D5C998 /* KeychainManager.swift */ = {isa = PBXFileReference; lastKnownFileType = sourcecode.swift; path = KeychainManager.swift; sourceTree = "<group>"; };
		A49E8E65C2ED0ABF6D4EA2E5 /* AppColors.swift */ = {isa = PBXFileReference; lastKnownFileType = sourcecode.swift; path = AppColors.swift; sourceTree = "<group>"; };
		B1B9D4A002842D005B07F614 /* Strings.swift */ = {isa = PBXFileReference; lastKnownFileType = sourcecode.swift; path = Strings.swift; sourceTree = "<group>"; };
		C7D458476E8F0E6F29450A49 /* APIEndpoint.swift */ = {isa = PBXFileReference; lastKnownFileType = sourcecode.swift; path = APIEndpoint.swift; sourceTree = "<group>"; };
		D850E67922FA4D405DCE6DA3 /* Assets.xcassets */ = {isa = PBXFileReference; lastKnownFileType = folder.assetcatalog; path = Assets.xcassets; sourceTree = "<group>"; };
		EBEB7D1DA3E9DBAB43A1A948 /* AppConstants.swift */ = {isa = PBXFileReference; lastKnownFileType = sourcecode.swift; path = AppConstants.swift; sourceTree = "<group>"; };
		F07CFB41E8F78D29A11DB299 /* en */ = {isa = PBXFileReference; lastKnownFileType = text.plist.strings; name = en; path = en.lproj/Localizable.strings; sourceTree = "<group>"; };
		F7C899395F10D4EFD8298683 /* AppTheme.swift */ = {isa = PBXFileReference; lastKnownFileType = sourcecode.swift; path = AppTheme.swift; sourceTree = "<group>"; };
		FB57119B2FD673F4699BE5D2 /* APIError.swift */ = {isa = PBXFileReference; lastKnownFileType = sourcecode.swift; path = APIError.swift; sourceTree = "<group>"; };
		FEEB0F77D558C6B98CFAF16F /* ThemeManager.swift */ = {isa = PBXFileReference; lastKnownFileType = sourcecode.swift; path = ThemeManager.swift; sourceTree = "<group>"; };
/* End PBXFileReference section */

/* Begin PBXGroup section */
		0EF98677B839F127A41BB7A9 /* App */ = {
			isa = PBXGroup;
			children = (
				77808246718C0FB9B51A740E /* SwiftUIStarterKitApp.swift */,
			);
			path = App;
			sourceTree = "<group>";
		};
		2CF5A3905E9C00C6D97273B8 /* SwiftUIStarterKit */ = {
			isa = PBXGroup;
			children = (
				0EF98677B839F127A41BB7A9 /* App */,
				CD7E364179C140827BCF2854 /* Constants */,
				2E3BCFF9367D3D62C295535D /* Core */,
				3110489759D80F647262CB68 /* Extensions */,
				3459B393EB04F546328FC286 /* Modules */,
				C17707C6AF5339B06B4756C0 /* Resources */,
			);
			path = SwiftUIStarterKit;
			sourceTree = "<group>";
		};
		2E3BCFF9367D3D62C295535D /* Core */ = {
			isa = PBXGroup;
			children = (
				E8B5438BE0A3C5766BCFF654 /* Localization */,
				75B47268B10DCEC9EBEACC10 /* Network */,
				4E60B4CC1A712E881F686F89 /* Storage */,
				79125C75A191A8A3D039F90C /* Theme */,
			);
			path = Core;
			sourceTree = "<group>";
		};
		3110489759D80F647262CB68 /* Extensions */ = {
			isa = PBXGroup;
			children = (
				39D63CE5F32AEB448DC1FCD2 /* Color+Extensions.swift */,
				0A0D74BE1F2982CFD3F68FB9 /* String+Extensions.swift */,
				10B046D003038FE7086FC51C /* View+Extensions.swift */,
			);
			path = Extensions;
			sourceTree = "<group>";
		};
		3459B393EB04F546328FC286 /* Modules */ = {
			isa = PBXGroup;
			children = (
			);
			path = Modules;
			sourceTree = "<group>";
		};
		4E60B4CC1A712E881F686F89 /* Storage */ = {
			isa = PBXGroup;
			children = (
				91A15D06A8108695F0D5C998 /* KeychainManager.swift */,
				03D149EE5211E408DD580594 /* UserDefaultsManager.swift */,
			);
			path = Storage;
			sourceTree = "<group>";
		};
		75B47268B10DCEC9EBEACC10 /* Network */ = {
			isa = PBXGroup;
			children = (
				77FC1C7EEA5C37B91089B80E /* APIClient.swift */,
				C7D458476E8F0E6F29450A49 /* APIEndpoint.swift */,
				FB57119B2FD673F4699BE5D2 /* APIError.swift */,
				53494423C2A30CF30143BF5E /* MockAPIClient.swift */,
			);
			path = Network;
			sourceTree = "<group>";
		};
		79125C75A191A8A3D039F90C /* Theme */ = {
			isa = PBXGroup;
			children = (
				A49E8E65C2ED0ABF6D4EA2E5 /* AppColors.swift */,
				F7C899395F10D4EFD8298683 /* AppTheme.swift */,
				FEEB0F77D558C6B98CFAF16F /* ThemeManager.swift */,
			);
			path = Theme;
			sourceTree = "<group>";
		};
		7CE2E4AFAEE9703A78C77565 /* Products */ = {
			isa = PBXGroup;
			children = (
				5B68D826A99614800B1BE0AE /* SwiftUIStarterKit.app */,
			);
			name = Products;
			sourceTree = "<group>";
		};
		B76EB1B5BEA956477842F2FB = {
			isa = PBXGroup;
			children = (
				2CF5A3905E9C00C6D97273B8 /* SwiftUIStarterKit */,
				7CE2E4AFAEE9703A78C77565 /* Products */,
			);
			sourceTree = "<group>";
		};
		C17707C6AF5339B06B4756C0 /* Resources */ = {
			isa = PBXGroup;
			children = (
				D850E67922FA4D405DCE6DA3 /* Assets.xcassets */,
			);
			path = Resources;
			sourceTree = "<group>";
		};
		CD7E364179C140827BCF2854 /* Constants */ = {
			isa = PBXGroup;
			children = (
				EBEB7D1DA3E9DBAB43A1A948 /* AppConstants.swift */,
				499B387FDB380FF17BE09672 /* StorageKeys.swift */,
				B1B9D4A002842D005B07F614 /* Strings.swift */,
			);
			path = Constants;
			sourceTree = "<group>";
		};
		E8B5438BE0A3C5766BCFF654 /* Localization */ = {
			isa = PBXGroup;
			children = (
				1AE07C0B8C23B4F9C5BF3B5D /* Localizable.strings */,
			);
			path = Localization;
			sourceTree = "<group>";
		};
/* End PBXGroup section */

/* Begin PBXNativeTarget section */
		56E38C606103ED7FB73B9ADE /* SwiftUIStarterKit */ = {
			isa = PBXNativeTarget;
			buildConfigurationList = 7DC608FBA68042CBE723FB6D /* Build configuration list for PBXNativeTarget "SwiftUIStarterKit" */;
			buildPhases = (
				0A0B97CA3AF46A444376D42E /* Sources */,
				CA1303345674F65FDB22A96F /* Resources */,
			);
			buildRules = (
			);
			dependencies = (
			);
			name = SwiftUIStarterKit;
			packageProductDependencies = (
			);
			productName = SwiftUIStarterKit;
			productReference = 5B68D826A99614800B1BE0AE /* SwiftUIStarterKit.app */;
			productType = "com.apple.product-type.application";
		};
/* End PBXNativeTarget section */

/* Begin PBXProject section */
		6058F9C491BCCF4EFB2E86F6 /* Project object */ = {
			isa = PBXProject;
			attributes = {
				BuildIndependentTargetsInParallel = YES;
				LastUpgradeCheck = 1430;
				TargetAttributes = {
				};
			};
			buildConfigurationList = 138471CF0451416215B9219D /* Build configuration list for PBXProject "SwiftUIStarterKit" */;
			developmentRegion = en;
			hasScannedForEncodings = 0;
			knownRegions = (
				Base,
				en,
				id,
			);
			mainGroup = B76EB1B5BEA956477842F2FB;
			minimizedProjectReferenceProxies = 1;
			preferredProjectObjectVersion = 77;
			productRefGroup = 7CE2E4AFAEE9703A78C77565 /* Products */;
			projectDirPath = "";
			projectRoot = "";
			targets = (
				56E38C606103ED7FB73B9ADE /* SwiftUIStarterKit */,
			);
		};
/* End PBXProject section */

/* Begin PBXResourcesBuildPhase section */
		CA1303345674F65FDB22A96F /* Resources */ = {
			isa = PBXResourcesBuildPhase;
			buildActionMask = 2147483647;
			files = (
				FEE4F78A706BE96C94F21AC9 /* Assets.xcassets in Resources */,
				4322A2B31E351BC253BCC88E /* Localizable.strings in Resources */,
			);
			runOnlyForDeploymentPostprocessing = 0;
		};
/* End PBXResourcesBuildPhase section */

/* Begin PBXSourcesBuildPhase section */
		0A0B97CA3AF46A444376D42E /* Sources */ = {
			isa = PBXSourcesBuildPhase;
			buildActionMask = 2147483647;
			files = (
				58342DD35C5F4CDAE0159716 /* APIClient.swift in Sources */,
				C00D3E4DB2E9C6279888D81B /* APIEndpoint.swift in Sources */,
				B0C7E6D1581A4E3278AA445E /* APIError.swift in Sources */,
				9F3ED83A6DA6C386F8F3CDFC /* AppColors.swift in Sources */,
				143E185C332F0B8292163E07 /* AppConstants.swift in Sources */,
				029FE391EF014D77799B78F9 /* AppTheme.swift in Sources */,
				729ECA4ED87BFEA13803FB4F /* Color+Extensions.swift in Sources */,
				9024D3ABB5C70D91694F36DE /* KeychainManager.swift in Sources */,
				57C4F618906CD0A23A9ACEE5 /* MockAPIClient.swift in Sources */,
				3BC0043D0117F3F12499098A /* StorageKeys.swift in Sources */,
				294AB023AF4DFADC2BD28EDD /* String+Extensions.swift in Sources */,
				BDCE6FF7A95C7C32C6F68B81 /* Strings.swift in Sources */,
				D10F492BFE73B9C11CF2C26D /* SwiftUIStarterKitApp.swift in Sources */,
				FB2A150AE156FA50CAF10FF9 /* ThemeManager.swift in Sources */,
				71CAD0873A17C60C11F85E71 /* UserDefaultsManager.swift in Sources */,
				1E8D9E7C48EE47D9BC72D24C /* View+Extensions.swift in Sources */,
			);
			runOnlyForDeploymentPostprocessing = 0;
		};
/* End PBXSourcesBuildPhase section */

/* Begin PBXVariantGroup section */
		1AE07C0B8C23B4F9C5BF3B5D /* Localizable.strings */ = {
			isa = PBXVariantGroup;
			children = (
				F07CFB41E8F78D29A11DB299 /* en */,
				489576AD011484ADDF2B286B /* id */,
			);
			name = Localizable.strings;
			sourceTree = "<group>";
		};
/* End PBXVariantGroup section */

/* Begin XCBuildConfiguration section */
		04AF0EEA21EF55836AB2B868 /* Debug */ = {
			isa = XCBuildConfiguration;
			buildSettings = {
				ALWAYS_SEARCH_USER_PATHS = NO;
				CLANG_ANALYZER_NONNULL = YES;
				CLANG_ANALYZER_NUMBER_OBJECT_CONVERSION = YES_AGGRESSIVE;
				CLANG_CXX_LANGUAGE_STANDARD = "gnu++14";
				CLANG_CXX_LIBRARY = "libc++";
				CLANG_ENABLE_MODULES = YES;
				CLANG_ENABLE_OBJC_ARC = YES;
				CLANG_ENABLE_OBJC_WEAK = YES;
				CLANG_WARN_BLOCK_CAPTURE_AUTORELEASING = YES;
				CLANG_WARN_BOOL_CONVERSION = YES;
				CLANG_WARN_COMMA = YES;
				CLANG_WARN_CONSTANT_CONVERSION = YES;
				CLANG_WARN_DEPRECATED_OBJC_IMPLEMENTATIONS = YES;
				CLANG_WARN_DIRECT_OBJC_ISA_USAGE = YES_ERROR;
				CLANG_WARN_DOCUMENTATION_COMMENTS = YES;
				CLANG_WARN_EMPTY_BODY = YES;
				CLANG_WARN_ENUM_CONVERSION = YES;
				CLANG_WARN_INFINITE_RECURSION = YES;
				CLANG_WARN_INT_CONVERSION = YES;
				CLANG_WARN_NON_LITERAL_NULL_CONVERSION = YES;
				CLANG_WARN_OBJC_IMPLICIT_RETAIN_SELF = YES;
				CLANG_WARN_OBJC_LITERAL_CONVERSION = YES;
				CLANG_WARN_OBJC_ROOT_CLASS = YES_ERROR;
				CLANG_WARN_QUOTED_INCLUDE_IN_FRAMEWORK_HEADER = YES;
				CLANG_WARN_RANGE_LOOP_ANALYSIS = YES;
				CLANG_WARN_STRICT_PROTOTYPES = YES;
				CLANG_WARN_SUSPICIOUS_MOVE = YES;
				CLANG_WARN_UNGUARDED_AVAILABILITY = YES_AGGRESSIVE;
				CLANG_WARN_UNREACHABLE_CODE = YES;
				CLANG_WARN__DUPLICATE_METHOD_MATCH = YES;
				COPY_PHASE_STRIP = NO;
				CURRENT_PROJECT_VERSION = 1;
				DEBUG_INFORMATION_FORMAT = dwarf;
				ENABLE_STRICT_OBJC_MSGSEND = YES;
				ENABLE_TESTABILITY = YES;
				GCC_C_LANGUAGE_STANDARD = gnu11;
				GCC_DYNAMIC_NO_PIC = NO;
				GCC_NO_COMMON_BLOCKS = YES;
				GCC_OPTIMIZATION_LEVEL = 0;
				GCC_PREPROCESSOR_DEFINITIONS = (
					"$(inherited)",
					"DEBUG=1",
				);
				GCC_WARN_64_TO_32_BIT_CONVERSION = YES;
				GCC_WARN_ABOUT_RETURN_TYPE = YES_ERROR;
				GCC_WARN_UNDECLARED_SELECTOR = YES;
				GCC_WARN_UNINITIALIZED_AUTOS = YES_AGGRESSIVE;
				GCC_WARN_UNUSED_FUNCTION = YES;
				GCC_WARN_UNUSED_VARIABLE = YES;
				IPHONEOS_DEPLOYMENT_TARGET = 17.0;
				MARKETING_VERSION = 1.0.0;
				MTL_ENABLE_DEBUG_INFO = INCLUDE_SOURCE;
				MTL_FAST_MATH = YES;
				ONLY_ACTIVE_ARCH = YES;
				PRODUCT_NAME = "$(TARGET_NAME)";
				SDKROOT = iphoneos;
				SWIFT_ACTIVE_COMPILATION_CONDITIONS = DEBUG;
				SWIFT_OPTIMIZATION_LEVEL = "-Onone";
				SWIFT_VERSION = 5.9;
			};
			name = Debug;
		};
		8570915598ABD3BA71E15BC6 /* Debug */ = {
			isa = XCBuildConfiguration;
			buildSettings = {
				ASSETCATALOG_COMPILER_APPICON_NAME = AppIcon;
				CODE_SIGN_IDENTITY = "iPhone Developer";
				GENERATE_INFOPLIST_FILE = YES;
				INFOPLIST_KEY_UIApplicationSupportsIndirectInputEvents = YES;
				INFOPLIST_KEY_UILaunchScreen_Generation = YES;
				INFOPLIST_KEY_UISupportedInterfaceOrientations_iPad = "UIInterfaceOrientationPortrait UIInterfaceOrientationPortraitUpsideDown UIInterfaceOrientationLandscapeLeft UIInterfaceOrientationLandscapeRight";
				INFOPLIST_KEY_UISupportedInterfaceOrientations_iPhone = UIInterfaceOrientationPortrait;
				LD_RUNPATH_SEARCH_PATHS = (
					"$(inherited)",
					"@executable_path/Frameworks",
				);
				PRODUCT_BUNDLE_IDENTIFIER = com.example.SwiftUIStarterKit;
				SDKROOT = iphoneos;
				SUPPORTS_MAC_DESIGNED_FOR_IPHONE = NO;
				TARGETED_DEVICE_FAMILY = "1,2";
			};
			name = Debug;
		};
		A4B3C6B9015ED85202684A1B /* Release */ = {
			isa = XCBuildConfiguration;
			buildSettings = {
				ALWAYS_SEARCH_USER_PATHS = NO;
				CLANG_ANALYZER_NONNULL = YES;
				CLANG_ANALYZER_NUMBER_OBJECT_CONVERSION = YES_AGGRESSIVE;
				CLANG_CXX_LANGUAGE_STANDARD = "gnu++14";
				CLANG_CXX_LIBRARY = "libc++";
				CLANG_ENABLE_MODULES = YES;
				CLANG_ENABLE_OBJC_ARC = YES;
				CLANG_ENABLE_OBJC_WEAK = YES;
				CLANG_WARN_BLOCK_CAPTURE_AUTORELEASING = YES;
				CLANG_WARN_BOOL_CONVERSION = YES;
				CLANG_WARN_COMMA = YES;
				CLANG_WARN_CONSTANT_CONVERSION = YES;
				CLANG_WARN_DEPRECATED_OBJC_IMPLEMENTATIONS = YES;
				CLANG_WARN_DIRECT_OBJC_ISA_USAGE = YES_ERROR;
				CLANG_WARN_DOCUMENTATION_COMMENTS = YES;
				CLANG_WARN_EMPTY_BODY = YES;
				CLANG_WARN_ENUM_CONVERSION = YES;
				CLANG_WARN_INFINITE_RECURSION = YES;
				CLANG_WARN_INT_CONVERSION = YES;
				CLANG_WARN_NON_LITERAL_NULL_CONVERSION = YES;
				CLANG_WARN_OBJC_IMPLICIT_RETAIN_SELF = YES;
				CLANG_WARN_OBJC_LITERAL_CONVERSION = YES;
				CLANG_WARN_OBJC_ROOT_CLASS = YES_ERROR;
				CLANG_WARN_QUOTED_INCLUDE_IN_FRAMEWORK_HEADER = YES;
				CLANG_WARN_RANGE_LOOP_ANALYSIS = YES;
				CLANG_WARN_STRICT_PROTOTYPES = YES;
				CLANG_WARN_SUSPICIOUS_MOVE = YES;
				CLANG_WARN_UNGUARDED_AVAILABILITY = YES_AGGRESSIVE;
				CLANG_WARN_UNREACHABLE_CODE = YES;
				CLANG_WARN__DUPLICATE_METHOD_MATCH = YES;
				COPY_PHASE_STRIP = NO;
				CURRENT_PROJECT_VERSION = 1;
				DEBUG_INFORMATION_FORMAT = "dwarf-with-dsym";
				ENABLE_NS_ASSERTIONS = NO;
				ENABLE_STRICT_OBJC_MSGSEND = YES;
				GCC_C_LANGUAGE_STANDARD = gnu11;
				GCC_NO_COMMON_BLOCKS = YES;
				GCC_WARN_64_TO_32_BIT_CONVERSION = YES;
				GCC_WARN_ABOUT_RETURN_TYPE = YES_ERROR;
				GCC_WARN_UNDECLARED_SELECTOR = YES;
				GCC_WARN_UNINITIALIZED_AUTOS = YES_AGGRESSIVE;
				GCC_WARN_UNUSED_FUNCTION = YES;
				GCC_WARN_UNUSED_VARIABLE = YES;
				IPHONEOS_DEPLOYMENT_TARGET = 17.0;
				MARKETING_VERSION = 1.0.0;
				MTL_ENABLE_DEBUG_INFO = NO;
				MTL_FAST_MATH = YES;
				PRODUCT_NAME = "$(TARGET_NAME)";
				SDKROOT = iphoneos;
				SWIFT_COMPILATION_MODE = wholemodule;
				SWIFT_OPTIMIZATION_LEVEL = "-O";
				SWIFT_VERSION = 5.9;
			};
			name = Release;
		};
		DE89ABA2C4A489738235AE10 /* Release */ = {
			isa = XCBuildConfiguration;
			buildSettings = {
				ASSETCATALOG_COMPILER_APPICON_NAME = AppIcon;
				CODE_SIGN_IDENTITY = "iPhone Developer";
				GENERATE_INFOPLIST_FILE = YES;
				INFOPLIST_KEY_UIApplicationSupportsIndirectInputEvents = YES;
				INFOPLIST_KEY_UILaunchScreen_Generation = YES;
				INFOPLIST_KEY_UISupportedInterfaceOrientations_iPad = "UIInterfaceOrientationPortrait UIInterfaceOrientationPortraitUpsideDown UIInterfaceOrientationLandscapeLeft UIInterfaceOrientationLandscapeRight";
				INFOPLIST_KEY_UISupportedInterfaceOrientations_iPhone = UIInterfaceOrientationPortrait;
				LD_RUNPATH_SEARCH_PATHS = (
					"$(inherited)",
					"@executable_path/Frameworks",
				);
				PRODUCT_BUNDLE_IDENTIFIER = com.example.SwiftUIStarterKit;
				SDKROOT = iphoneos;
				SUPPORTS_MAC_DESIGNED_FOR_IPHONE = NO;
				TARGETED_DEVICE_FAMILY = "1,2";
			};
			name = Release;
		};
/* End XCBuildConfiguration section */

/* Begin XCConfigurationList section */
		138471CF0451416215B9219D /* Build configuration list for PBXProject "SwiftUIStarterKit" */ = {
			isa = XCConfigurationList;
			buildConfigurations = (
				04AF0EEA21EF55836AB2B868 /* Debug */,
				A4B3C6B9015ED85202684A1B /* Release */,
			);
			defaultConfigurationIsVisible = 0;
			defaultConfigurationName = Debug;
		};
		7DC608FBA68042CBE723FB6D /* Build configuration list for PBXNativeTarget "SwiftUIStarterKit" */ = {
			isa = XCConfigurationList;
			buildConfigurations = (
				8570915598ABD3BA71E15BC6 /* Debug */,
				DE89ABA2C4A489738235AE10 /* Release */,
			);
			defaultConfigurationIsVisible = 0;
			defaultConfigurationName = Debug;
		};
/* End XCConfigurationList section */
	};
	rootObject = 6058F9C491BCCF4EFB2E86F6 /* Project object */;
}
